<?xml version="1.0" encoding="utf-8"?>
<Project ToolsVersion="4.0" xmlns="http://schemas.microsoft.com/developer/msbuild/2003">
  <ItemGroup>
    <Filter Include="Common">
      <UniqueIdentifier>ab59ecc0-cd43-4adf-84bf-61afd6cd54f5</UniqueIdentifier>
    </Filter>
    <Filter Include="Assets">
      <UniqueIdentifier>a9e3fb11-329f-438c-9736-50ce77c59795</UniqueIdentifier>
      <Extensions>ico;cur;bmp;dds;dlg;fbx;rct;bin;rgs;gif;jpg;jpeg;jpe;resx;tga;tiff;tif;png;wav;mfcribbon-ms</Extensions>
    </Filter>
  </ItemGroup>
  <ItemGroup>
    <ClInclude Include="Source\pch.h" />
    <ClInclude Include="Source\Game.h" />
    <ClInclude Include="Source\Utility\StepTimer.h">
      <Filter>Common</Filter>
    </ClInclude>
    <ClInclude Include="Source\Core\DeviceResources.h">
      <Filter>Common</Filter>
    </ClInclude>
    <ClInclude Include="Source\Game\GameObject.h" />
    <ClInclude Include="Source\Rendering\RenderPass.h" />
    <ClInclude Include="Source\Game\Components\TransformComponent.h" />
    <ClInclude Include="Source\Rendering\RenderPassGeometry.h" />
    <ClInclude Include="Source\Game\Components\MeshRendererComponent.h" />
    <ClInclude Include="Source\Rendering\Mesh.h" />
    <ClInclude Include="Source\Rendering\Shader.h" />
    <ClInclude Include="Source\Game\Components\CameraComponent.h" />
    <ClInclude Include="External\imgui\backends\imgui_impl_dx11.h" />
    <ClInclude Include="External\imgui\backends\imgui_impl_win32.h" />
    <ClInclude Include="External\imgui\misc\cpp\imgui_stdlib.h" />
    <ClInclude Include="External\imgui\misc\single_file\imgui_single_file.h" />
    <ClInclude Include="External\imgui\imconfig.h" />
    <ClInclude Include="External\imgui\imgui.h" />
    <ClInclude Include="External\imgui\imgui_internal.h" />
    <ClInclude Include="External\imgui\imstb_rectpack.h" />
    <ClInclude Include="External\imgui\imstb_textedit.h" />
    <ClInclude Include="External\imgui\imstb_truetype.h" />
  </ItemGroup>
  <ItemGroup>
    <ClCompile Include="Source\pch.cpp" />
    <ClCompile Include="Source\Game.cpp" />
    <ClCompile Include="Source\Main.cpp" />
    <ClCompile Include="Source\Core\DeviceResources.cpp">
      <Filter>Common</Filter>
    </ClCompile>
    <ClCompile Include="Source\Game\GameObject.cpp" />
    <ClCompile Include="Source\Rendering\RenderPass.cpp" />
    <ClCompile Include="Source\Game\Components\TransformComponent.cpp" />
    <ClCompile Include="Source\Rendering\RenderPassGeometry.cpp" />
    <ClCompile Include="Source\Game\Components\MeshRendererComponent.cpp" />
    <ClCompile Include="Source\Rendering\Mesh.cpp" />
    <ClCompile Include="Source\Rendering\Shader.cpp" />
    <ClCompile Include="Source\Game\Components\CameraComponent.cpp" />
    <ClCompile Include="External\imgui\backends\imgui_impl_dx11.cpp" />
    <ClCompile Include="External\imgui\backends\imgui_impl_win32.cpp" />
    <ClCompile Include="External\imgui\misc\cpp\imgui_stdlib.cpp" />
    <ClCompile Include="External\imgui\misc\fonts\binary_to_compressed_c.cpp" />
    <ClCompile Include="External\imgui\imgui.cpp" />
    <ClCompile Include="External\imgui\imgui_demo.cpp" />
    <ClCompile Include="External\imgui\imgui_draw.cpp" />
    <ClCompile Include="External\imgui\imgui_tables.cpp" />
    <ClCompile Include="External\imgui\imgui_widgets.cpp" />
  </ItemGroup>
  <ItemGroup>
    <ResourceCompile Include="resource.rc" />
  </ItemGroup>
  <ItemGroup>
    <Image Include="directx.ico">
      <Filter>Assets</Filter>
    </Image>
  </ItemGroup>
  <ItemGroup>
    <Manifest Include="settings.manifest">
      <Filter>Assets</Filter>
    </Manifest>
  </ItemGroup>
  <ItemGroup>
    <FxCompile Include="Source\Rendering\Shaders\PixelShader.hlsl" />
    <FxCompile Include="Source\Rendering\Shaders\VertexShader.hlsl" />
  </ItemGroup>
</Project>